# generated by rye
# use `rye lock` or `rye sync` to update this lockfile
#
# last locked with the following flags:
#   pre: false
#   features: []
#   all-features: false

-e file:.
certifi==2023.11.17
cffi==1.16.0
charset-normalizer==3.3.2
cryptography==41.0.7
idna==3.6
ndg-httpsclient==0.5.1
pusher==3.3.2
pyasn1==0.5.1
pycparser==2.21
pynacl==1.5.0
pyopenssl==23.3.0
requests==2.31.0
six==1.16.0
urllib3==2.1.0
